
Microsoft Visual Studio Solution File, Format Version 12.00
# Visual Studio 14
VisualStudioVersion = 14.0.25420.1
MinimumVisualStudioVersion = 10.0.40219.1
Project("{FAE04EC0-301F-11D3-BF4B-00C04F79EFBC}") = "Ex03.GarageLogic", "Ex03\Ex03.GarageLogic.csproj", "{47D1FDF2-6421-4FFA-BB5B-69FCFC23A44F}"
EndProject
Project("{FAE04EC0-301F-11D3-BF4B-00C04F79EFBC}") = "Ex03.ConsoleUI", "Ex03.GarageLogic\Ex03.ConsoleUI.csproj", "{00A777E6-3DEF-4BE3-9AAF-9CD6C374AC96}"
EndProject
Global
	GlobalSection(SolutionConfigurationPlatforms) = preSolution
		Debug|Any CPU = Debug|Any CPU
		Release|Any CPU = Release|Any CPU
	EndGlobalSection
	GlobalSection(ProjectConfigurationPlatforms) = postSolution
		{47D1FDF2-6421-4FFA-BB5B-69FCFC23A44F}.Debug|Any CPU.ActiveCfg = Debug|Any CPU
		{47D1FDF2-6421-4FFA-BB5B-69FCFC23A44F}.Debug|Any CPU.Build.0 = Debug|Any CPU
		{47D1FDF2-6421-4FFA-BB5B-69FCFC23A44F}.Release|Any CPU.ActiveCfg = Release|Any CPU
		{47D1FDF2-6421-4FFA-BB5B-69FCFC23A44F}.Release|Any CPU.Build.0 = Release|Any CPU
		{00A777E6-3DEF-4BE3-9AAF-9CD6C374AC96}.Debug|Any CPU.ActiveCfg = Debug|Any CPU
		{00A777E6-3DEF-4BE3-9AAF-9CD6C374AC96}.Debug|Any CPU.Build.0 = Debug|Any CPU
		{00A777E6-3DEF-4BE3-9AAF-9CD6C374AC96}.Release|Any CPU.ActiveCfg = Release|Any CPU
		{00A777E6-3DEF-4BE3-9AAF-9CD6C374AC96}.Release|Any CPU.Build.0 = Release|Any CPU
	EndGlobalSection
	GlobalSection(SolutionProperties) = preSolution
		HideSolutionNode = FALSE
	EndGlobalSection
EndGlobal
